
Microsoft Visual Studio Solution File, Format Version 12.00
# Visual Studio Version 17
VisualStudioVersion = 17.12.35707.178 d17.12
MinimumVisualStudioVersion = 10.0.40219.1
Project("{FAE04EC0-301F-11D3-BF4B-00C04F79EFBC}") = "E-CommerceAPI", "E-CommerceAPI.csproj", "{29EDECCF-0E4D-47B2-AD86-29D25CFF0CF8}"
EndProject
Project("{FAE04EC0-301F-11D3-BF4B-00C04F79EFBC}") = "E-CommerceBuisnessLayer", "..\E-CommerceBuisnessLayer\E-CommerceBuisnessLayer.csproj", "{3726AD0F-F4F3-4391-AC00-BBB8D7E0E761}"
EndProject
Project("{FAE04EC0-301F-11D3-BF4B-00C04F79EFBC}") = "E-CommerceDataAccess", "..\E-CommerceDataAccess\E-CommerceDataAccess.csproj", "{6C7FD6D1-03EF-4BBD-B320-BBD353A27003}"
EndProject
Global
	GlobalSection(SolutionConfigurationPlatforms) = preSolution
		Debug|Any CPU = Debug|Any CPU
		Release|Any CPU = Release|Any CPU
	EndGlobalSection
	GlobalSection(ProjectConfigurationPlatforms) = postSolution
		{29EDECCF-0E4D-47B2-AD86-29D25CFF0CF8}.Debug|Any CPU.ActiveCfg = Debug|Any CPU
		{29EDECCF-0E4D-47B2-AD86-29D25CFF0CF8}.Debug|Any CPU.Build.0 = Debug|Any CPU
		{29EDECCF-0E4D-47B2-AD86-29D25CFF0CF8}.Release|Any CPU.ActiveCfg = Release|Any CPU
		{29EDECCF-0E4D-47B2-AD86-29D25CFF0CF8}.Release|Any CPU.Build.0 = Release|Any CPU
		{3726AD0F-F4F3-4391-AC00-BBB8D7E0E761}.Debug|Any CPU.ActiveCfg = Debug|Any CPU
		{3726AD0F-F4F3-4391-AC00-BBB8D7E0E761}.Debug|Any CPU.Build.0 = Debug|Any CPU
		{3726AD0F-F4F3-4391-AC00-BBB8D7E0E761}.Release|Any CPU.ActiveCfg = Release|Any CPU
		{3726AD0F-F4F3-4391-AC00-BBB8D7E0E761}.Release|Any CPU.Build.0 = Release|Any CPU
		{6C7FD6D1-03EF-4BBD-B320-BBD353A27003}.Debug|Any CPU.ActiveCfg = Debug|Any CPU
		{6C7FD6D1-03EF-4BBD-B320-BBD353A27003}.Debug|Any CPU.Build.0 = Debug|Any CPU
		{6C7FD6D1-03EF-4BBD-B320-BBD353A27003}.Release|Any CPU.ActiveCfg = Release|Any CPU
		{6C7FD6D1-03EF-4BBD-B320-BBD353A27003}.Release|Any CPU.Build.0 = Release|Any CPU
	EndGlobalSection
	GlobalSection(SolutionProperties) = preSolution
		HideSolutionNode = FALSE
	EndGlobalSection
EndGlobal
